// !$*UTF8*$!
{
	archiveVersion = 1;
	classes = {
	};
	objectVersion = 46;
	objects = {

/* Begin PBXBuildFile section */
		E10FD8251CAE46AB00C0AF99 /* main.m in Sources */ = {isa = PBXBuildFile; fileRef = E10FD8241CAE46AB00C0AF99 /* main.m */; };
		E10FD8281CAE46AB00C0AF99 /* AppDelegate.m in Sources */ = {isa = PBXBuildFile; fileRef = E10FD8271CAE46AB00C0AF99 /* AppDelegate.m */; };
		E10FD82B1CAE46AB00C0AF99 /* ViewController.m in Sources */ = {isa = PBXBuildFile; fileRef = E10FD82A1CAE46AB00C0AF99 /* ViewController.m */; };
		E10FD82E1CAE46AB00C0AF99 /* Main.storyboard in Resources */ = {isa = PBXBuildFile; fileRef = E10FD82C1CAE46AB00C0AF99 /* Main.storyboard */; };
		E10FD8301CAE46AB00C0AF99 /* Assets.xcassets in Resources */ = {isa = PBXBuildFile; fileRef = E10FD82F1CAE46AB00C0AF99 /* Assets.xcassets */; };
		E10FD8331CAE46AB00C0AF99 /* LaunchScreen.storyboard in Resources */ = {isa = PBXBuildFile; fileRef = E10FD8311CAE46AB00C0AF99 /* LaunchScreen.storyboard */; };
		E10FD83E1CAE46AB00C0AF99 /* _0_GITHubTests.m in Sources */ = {isa = PBXBuildFile; fileRef = E10FD83D1CAE46AB00C0AF99 /* _0_GITHubTests.m */; };
		E10FD8491CAE46AC00C0AF99 /* _0_GITHubUITests.m in Sources */ = {isa = PBXBuildFile; fileRef = E10FD8481CAE46AC00C0AF99 /* _0_GITHubUITests.m */; };
/* End PBXBuildFile section */

/* Begin PBXContainerItemProxy section */
		E10FD83A1CAE46AB00C0AF99 /* PBXContainerItemProxy */ = {
			isa = PBXContainerItemProxy;
			containerPortal = E10FD8181CAE46AB00C0AF99 /* Project object */;
			proxyType = 1;
			remoteGlobalIDString = E10FD81F1CAE46AB00C0AF99;
			remoteInfo = "10-GITHub";
		};
		E10FD8451CAE46AC00C0AF99 /* PBXContainerItemProxy */ = {
			isa = PBXContainerItemProxy;
			containerPortal = E10FD8181CAE46AB00C0AF99 /* Project object */;
			proxyType = 1;
			remoteGlobalIDString = E10FD81F1CAE46AB00C0AF99;
			remoteInfo = "10-GITHub";
		};
/* End PBXContainerItemProxy section */

/* Begin PBXFileReference section */
		E10FD8201CAE46AB00C0AF99 /* 10-GITHub.app */ = {isa = PBXFileReference; explicitFileType = wrapper.application; includeInIndex = 0; path = "10-GITHub.app"; sourceTree = BUILT_PRODUCTS_DIR; };
		E10FD8241CAE46AB00C0AF99 /* main.m */ = {isa = PBXFileReference; lastKnownFileType = sourcecode.c.objc; path = main.m; sourceTree = "<group>"; };
		E10FD8261CAE46AB00C0AF99 /* AppDelegate.h */ = {isa = PBXFileReference; lastKnownFileType = sourcecode.c.h; path = AppDelegate.h; sourceTree = "<group>"; };
		E10FD8271CAE46AB00C0AF99 /* AppDelegate.m */ = {isa = PBXFileReference; lastKnownFileType = sourcecode.c.objc; path = AppDelegate.m; sourceTree = "<group>"; };
		E10FD8291CAE46AB00C0AF99 /* ViewController.h */ = {isa = PBXFileReference; lastKnownFileType = sourcecode.c.h; path = ViewController.h; sourceTree = "<group>"; };
		E10FD82A1CAE46AB00C0AF99 /* ViewController.m */ = {isa = PBXFileReference; lastKnownFileType = sourcecode.c.objc; path = ViewController.m; sourceTree = "<group>"; };
		E10FD82D1CAE46AB00C0AF99 /* Base */ = {isa = PBXFileReference; lastKnownFileType = file.storyboard; name = Base; path = Base.lproj/Main.storyboard; sourceTree = "<group>"; };
		E10FD82F1CAE46AB00C0AF99 /* Assets.xcassets */ = {isa = PBXFileReference; lastKnownFileType = folder.assetcatalog; path = Assets.xcassets; sourceTree = "<group>"; };
		E10FD8321CAE46AB00C0AF99 /* Base */ = {isa = PBXFileReference; lastKnownFileType = file.storyboard; name = Base; path = Base.lproj/LaunchScreen.storyboard; sourceTree = "<group>"; };
		E10FD8341CAE46AB00C0AF99 /* Info.plist */ = {isa = PBXFileReference; lastKnownFileType = text.plist.xml; path = Info.plist; sourceTree = "<group>"; };
		E10FD8391CAE46AB00C0AF99 /* 10-GITHubTests.xctest */ = {isa = PBXFileReference; explicitFileType = wrapper.cfbundle; includeInIndex = 0; path = "10-GITHubTests.xctest"; sourceTree = BUILT_PRODUCTS_DIR; };
		E10FD83D1CAE46AB00C0AF99 /* _0_GITHubTests.m */ = {isa = PBXFileReference; lastKnownFileType = sourcecode.c.objc; path = _0_GITHubTests.m; sourceTree = "<group>"; };
		E10FD83F1CAE46AB00C0AF99 /* Info.plist */ = {isa = PBXFileReference; lastKnownFileType = text.plist.xml; path = Info.plist; sourceTree = "<group>"; };
		E10FD8441CAE46AC00C0AF99 /* 10-GITHubUITests.xctest */ = {isa = PBXFileReference; explicitFileType = wrapper.cfbundle; includeInIndex = 0; path = "10-GITHubUITests.xctest"; sourceTree = BUILT_PRODUCTS_DIR; };
		E10FD8481CAE46AC00C0AF99 /* _0_GITHubUITests.m */ = {isa = PBXFileReference; lastKnownFileType = sourcecode.c.objc; path = _0_GITHubUITests.m; sourceTree = "<group>"; };
		E10FD84A1CAE46AC00C0AF99 /* Info.plist */ = {isa = PBXFileReference; lastKnownFileType = text.plist.xml; path = Info.plist; sourceTree = "<group>"; };
/* End PBXFileReference section */

/* Begin PBXFrameworksBuildPhase section */
		E10FD81D1CAE46AB00C0AF99 /* Frameworks */ = {
			isa = PBXFrameworksBuildPhase;
			buildActionMask = 2147483647;
			files = (
			);
			runOnlyForDeploymentPostprocessing = 0;
		};
		E10FD8361CAE46AB00C0AF99 /* Frameworks */ = {
			isa = PBXFrameworksBuildPhase;
			buildActionMask = 2147483647;
			files = (
			);
			runOnlyForDeploymentPostprocessing = 0;
		};
		E10FD8411CAE46AC00C0AF99 /* Frameworks */ = {
			isa = PBXFrameworksBuildPhase;
			buildActionMask = 2147483647;
			files = (
			);
			runOnlyForDeploymentPostprocessing = 0;
		};
/* End PBXFrameworksBuildPhase section */

/* Begin PBXGroup section */
		E10FD8171CAE46AB00C0AF99 = {
			isa = PBXGroup;
			children = (
				E10FD8221CAE46AB00C0AF99 /* 10-GITHub */,
				E10FD83C1CAE46AB00C0AF99 /* 10-GITHubTests */,
				E10FD8471CAE46AC00C0AF99 /* 10-GITHubUITests */,
				E10FD8211CAE46AB00C0AF99 /* Products */,
			);
			sourceTree = "<group>";
		};
		E10FD8211CAE46AB00C0AF99 /* Products */ = {
			isa = PBXGroup;
			children = (
				E10FD8201CAE46AB00C0AF99 /* 10-GITHub.app */,
				E10FD8391CAE46AB00C0AF99 /* 10-GITHubTests.xctest */,
				E10FD8441CAE46AC00C0AF99 /* 10-GITHubUITests.xctest */,
			);
			name = Products;
			sourceTree = "<group>";
		};
		E10FD8221CAE46AB00C0AF99 /* 10-GITHub */ = {
			isa = PBXGroup;
			children = (
				E10FD8261CAE46AB00C0AF99 /* AppDelegate.h */,
				E10FD8271CAE46AB00C0AF99 /* AppDelegate.m */,
				E10FD8291CAE46AB00C0AF99 /* ViewController.h */,
				E10FD82A1CAE46AB00C0AF99 /* ViewController.m */,
				E10FD82C1CAE46AB00C0AF99 /* Main.storyboard */,
				E10FD82F1CAE46AB00C0AF99 /* Assets.xcassets */,
				E10FD8311CAE46AB00C0AF99 /* LaunchScreen.storyboard */,
				E10FD8341CAE46AB00C0AF99 /* Info.plist */,
				E10FD8231CAE46AB00C0AF99 /* Supporting Files */,
			);
			path = "10-GITHub";
			sourceTree = "<group>";
		};
		E10FD8231CAE46AB00C0AF99 /* Supporting Files */ = {
			isa = PBXGroup;
			children = (
				E10FD8241CAE46AB00C0AF99 /* main.m */,
			);
			name = "Supporting Files";
			sourceTree = "<group>";
		};
		E10FD83C1CAE46AB00C0AF99 /* 10-GITHubTests */ = {
			isa = PBXGroup;
			children = (
				E10FD83D1CAE46AB00C0AF99 /* _0_GITHubTests.m */,
				E10FD83F1CAE46AB00C0AF99 /* Info.plist */,
			);
			path = "10-GITHubTests";
			sourceTree = "<group>";
		};
		E10FD8471CAE46AC00C0AF99 /* 10-GITHubUITests */ = {
			isa = PBXGroup;
			children = (
				E10FD8481CAE46AC00C0AF99 /* _0_GITHubUITests.m */,
				E10FD84A1CAE46AC00C0AF99 /* Info.plist */,
			);
			path = "10-GITHubUITests";
			sourceTree = "<group>";
		};
/* End PBXGroup section */

/* Begin PBXNativeTarget section */
		E10FD81F1CAE46AB00C0AF99 /* 10-GITHub */ = {
			isa = PBXNativeTarget;
			buildConfigurationList = E10FD84D1CAE46AC00C0AF99 /* Build configuration list for PBXNativeTarget "10-GITHub" */;
			buildPhases = (
				E10FD81C1CAE46AB00C0AF99 /* Sources */,
				E10FD81D1CAE46AB00C0AF99 /* Frameworks */,
				E10FD81E1CAE46AB00C0AF99 /* Resources */,
			);
			buildRules = (
			);
			dependencies = (
			);
			name = "10-GITHub";
			productName = "10-GITHub";
			productReference = E10FD8201CAE46AB00C0AF99 /* 10-GITHub.app */;
			productType = "com.apple.product-type.application";
		};
		E10FD8381CAE46AB00C0AF99 /* 10-GITHubTests */ = {
			isa = PBXNativeTarget;
			buildConfigurationList = E10FD8501CAE46AC00C0AF99 /* Build configuration list for PBXNativeTarget "10-GITHubTests" */;
			buildPhases = (
				E10FD8351CAE46AB00C0AF99 /* Sources */,
				E10FD8361CAE46AB00C0AF99 /* Frameworks */,
				E10FD8371CAE46AB00C0AF99 /* Resources */,
			);
			buildRules = (
			);
			dependencies = (
				E10FD83B1CAE46AB00C0AF99 /* PBXTargetDependency */,
			);
			name = "10-GITHubTests";
			productName = "10-GITHubTests";
			productReference = E10FD8391CAE46AB00C0AF99 /* 10-GITHubTests.xctest */;
			productType = "com.apple.product-type.bundle.unit-test";
		};
		E10FD8431CAE46AC00C0AF99 /* 10-GITHubUITests */ = {
			isa = PBXNativeTarget;
			buildConfigurationList = E10FD8531CAE46AC00C0AF99 /* Build configuration list for PBXNativeTarget "10-GITHubUITests" */;
			buildPhases = (
				E10FD8401CAE46AC00C0AF99 /* Sources */,
				E10FD8411CAE46AC00C0AF99 /* Frameworks */,
				E10FD8421CAE46AC00C0AF99 /* Resources */,
			);
			buildRules = (
			);
			dependencies = (
				E10FD8461CAE46AC00C0AF99 /* PBXTargetDependency */,
			);
			name = "10-GITHubUITests";
			productName = "10-GITHubUITests";
			productReference = E10FD8441CAE46AC00C0AF99 /* 10-GITHubUITests.xctest */;
			productType = "com.apple.product-type.bundle.ui-testing";
		};
/* End PBXNativeTarget section */

/* Begin PBXProject section */
		E10FD8181CAE46AB00C0AF99 /* Project object */ = {
			isa = PBXProject;
			attributes = {
				LastUpgradeCheck = 0720;
				ORGANIZATIONNAME = dongchen;
				TargetAttributes = {
					E10FD81F1CAE46AB00C0AF99 = {
						CreatedOnToolsVersion = 7.2;
					};
					E10FD8381CAE46AB00C0AF99 = {
						CreatedOnToolsVersion = 7.2;
						TestTargetID = E10FD81F1CAE46AB00C0AF99;
					};
					E10FD8431CAE46AC00C0AF99 = {
						CreatedOnToolsVersion = 7.2;
						TestTargetID = E10FD81F1CAE46AB00C0AF99;
					};
				};
			};
			buildConfigurationList = E10FD81B1CAE46AB00C0AF99 /* Build configuration list for PBXProject "10-GITHub" */;
			compatibilityVersion = "Xcode 3.2";
			developmentRegion = English;
			hasScannedForEncodings = 0;
			knownRegions = (
				en,
				Base,
			);
			mainGroup = E10FD8171CAE46AB00C0AF99;
			productRefGroup = E10FD8211CAE46AB00C0AF99 /* Products */;
			projectDirPath = "";
			projectRoot = "";
			targets = (
				E10FD81F1CAE46AB00C0AF99 /* 10-GITHub */,
				E10FD8381CAE46AB00C0AF99 /* 10-GITHubTests */,
				E10FD8431CAE46AC00C0AF99 /* 10-GITHubUITests */,
			);
		};
/* End PBXProject section */

/* Begin PBXResourcesBuildPhase section */
		E10FD81E1CAE46AB00C0AF99 /* Resources */ = {
			isa = PBXResourcesBuildPhase;
			buildActionMask = 2147483647;
			files = (
				E10FD8331CAE46AB00C0AF99 /* LaunchScreen.storyboard in Resources */,
				E10FD8301CAE46AB00C0AF99 /* Assets.xcassets in Resources */,
				E10FD82E1CAE46AB00C0AF99 /* Main.storyboard in Resources */,
			);
			runOnlyForDeploymentPostprocessing = 0;
		};
		E10FD8371CAE46AB00C0AF99 /* Resources */ = {
			isa = PBXResourcesBuildPhase;
			buildActionMask = 2147483647;
			files = (
			);
			runOnlyForDeploymentPostprocessing = 0;
		};
		E10FD8421CAE46AC00C0AF99 /* Resources */ = {
			isa = PBXResourcesBuildPhase;
			buildActionMask = 2147483647;
			files = (
			);
			runOnlyForDeploymentPostprocessing = 0;
		};
/* End PBXResourcesBuildPhase section */

/* Begin PBXSourcesBuildPhase section */
		E10FD81C1CAE46AB00C0AF99 /* Sources */ = {
			isa = PBXSourcesBuildPhase;
			buildActionMask = 2147483647;
			files = (
				E10FD82B1CAE46AB00C0AF99 /* ViewController.m in Sources */,
				E10FD8281CAE46AB00C0AF99 /* AppDelegate.m in Sources */,
				E10FD8251CAE46AB00C0AF99 /* main.m in Sources */,
			);
			runOnlyForDeploymentPostprocessing = 0;
		};
		E10FD8351CAE46AB00C0AF99 /* Sources */ = {
			isa = PBXSourcesBuildPhase;
			buildActionMask = 2147483647;
			files = (
				E10FD83E1CAE46AB00C0AF99 /* _0_GITHubTests.m in Sources */,
			);
			runOnlyForDeploymentPostprocessing = 0;
		};
		E10FD8401CAE46AC00C0AF99 /* Sources */ = {
			isa = PBXSourcesBuildPhase;
			buildActionMask = 2147483647;
			files = (
				E10FD8491CAE46AC00C0AF99 /* _0_GITHubUITests.m in Sources */,
			);
			runOnlyForDeploymentPostprocessing = 0;
		};
/* End PBXSourcesBuildPhase section */

/* Begin PBXTargetDependency section */
		E10FD83B1CAE46AB00C0AF99 /* PBXTargetDependency */ = {
			isa = PBXTargetDependency;
			target = E10FD81F1CAE46AB00C0AF99 /* 10-GITHub */;
			targetProxy = E10FD83A1CAE46AB00C0AF99 /* PBXContainerItemProxy */;
		};
		E10FD8461CAE46AC00C0AF99 /* PBXTargetDependency */ = {
			isa = PBXTargetDependency;
			target = E10FD81F1CAE46AB00C0AF99 /* 10-GITHub */;
			targetProxy = E10FD8451CAE46AC00C0AF99 /* PBXContainerItemProxy */;
		};
/* End PBXTargetDependency section */

/* Begin PBXVariantGroup section */
		E10FD82C1CAE46AB00C0AF99 /* Main.storyboard */ = {
			isa = PBXVariantGroup;
			children = (
				E10FD82D1CAE46AB00C0AF99 /* Base */,
			);
			name = Main.storyboard;
			sourceTree = "<group>";
		};
		E10FD8311CAE46AB00C0AF99 /* LaunchScreen.storyboard */ = {
			isa = PBXVariantGroup;
			children = (
				E10FD8321CAE46AB00C0AF99 /* Base */,
			);
			name = LaunchScreen.storyboard;
			sourceTree = "<group>";
		};
/* End PBXVariantGroup section */

/* Begin XCBuildConfiguration section */
		E10FD84B1CAE46AC00C0AF99 /* Debug */ = {
			isa = XCBuildConfiguration;
			buildSettings = {
				ALWAYS_SEARCH_USER_PATHS = NO;
				CLANG_CXX_LANGUAGE_STANDARD = "gnu++0x";
				CLANG_CXX_LIBRARY = "libc++";
				CLANG_ENABLE_MODULES = YES;
				CLANG_ENABLE_OBJC_ARC = YES;
				CLANG_WARN_BOOL_CONVERSION = YES;
				CLANG_WARN_CONSTANT_CONVERSION = YES;
				CLANG_WARN_DIRECT_OBJC_ISA_USAGE = YES_ERROR;
				CLANG_WARN_EMPTY_BODY = YES;
				CLANG_WARN_ENUM_CONVERSION = YES;
				CLANG_WARN_INT_CONVERSION = YES;
				CLANG_WARN_OBJC_ROOT_CLASS = YES_ERROR;
				CLANG_WARN_UNREACHABLE_CODE = YES;
				CLANG_WARN__DUPLICATE_METHOD_MATCH = YES;
				"CODE_SIGN_IDENTITY[sdk=iphoneos*]" = "iPhone Developer";
				COPY_PHASE_STRIP = NO;
				DEBUG_INFORMATION_FORMAT = dwarf;
				ENABLE_STRICT_OBJC_MSGSEND = YES;
				ENABLE_TESTABILITY = YES;
				GCC_C_LANGUAGE_STANDARD = gnu99;
				GCC_DYNAMIC_NO_PIC = NO;
				GCC_NO_COMMON_BLOCKS = YES;
				GCC_OPTIMIZATION_LEVEL = 0;
				GCC_PREPROCESSOR_DEFINITIONS = (
					"DEBUG=1",
					"$(inherited)",
				);
				GCC_WARN_64_TO_32_BIT_CONVERSION = YES;
				GCC_WARN_ABOUT_RETURN_TYPE = YES_ERROR;
				GCC_WARN_UNDECLARED_SELECTOR = YES;
				GCC_WARN_UNINITIALIZED_AUTOS = YES_AGGRESSIVE;
				GCC_WARN_UNUSED_FUNCTION = YES;
				GCC_WARN_UNUSED_VARIABLE = YES;
				IPHONEOS_DEPLOYMENT_TARGET = 9.2;
				MTL_ENABLE_DEBUG_INFO = YES;
				ONLY_ACTIVE_ARCH = YES;
				SDKROOT = iphoneos;
			};
			name = Debug;
		};
		E10FD84C1CAE46AC00C0AF99 /* Release */ = {
			isa = XCBuildConfiguration;
			buildSettings = {
				ALWAYS_SEARCH_USER_PATHS = NO;
				CLANG_CXX_LANGUAGE_STANDARD = "gnu++0x";
				CLANG_CXX_LIBRARY = "libc++";
				CLANG_ENABLE_MODULES = YES;
				CLANG_ENABLE_OBJC_ARC = YES;
				CLANG_WARN_BOOL_CONVERSION = YES;
				CLANG_WARN_CONSTANT_CONVERSION = YES;
				CLANG_WARN_DIRECT_OBJC_ISA_USAGE = YES_ERROR;
				CLANG_WARN_EMPTY_BODY = YES;
				CLANG_WARN_ENUM_CONVERSION = YES;
				CLANG_WARN_INT_CONVERSION = YES;
				CLANG_WARN_OBJC_ROOT_CLASS = YES_ERROR;
				CLANG_WARN_UNREACHABLE_CODE = YES;
				CLANG_WARN__DUPLICATE_METHOD_MATCH = YES;
				"CODE_SIGN_IDENTITY[sdk=iphoneos*]" = "iPhone Developer";
				COPY_PHASE_STRIP = NO;
				DEBUG_INFORMATION_FORMAT = "dwarf-with-dsym";
				ENABLE_NS_ASSERTIONS = NO;
				ENABLE_STRICT_OBJC_MSGSEND = YES;
				GCC_C_LANGUAGE_STANDARD = gnu99;
				GCC_NO_COMMON_BLOCKS = YES;
				GCC_WARN_64_TO_32_BIT_CONVERSION = YES;
				GCC_WARN_ABOUT_RETURN_TYPE = YES_ERROR;
				GCC_WARN_UNDECLARED_SELECTOR = YES;
				GCC_WARN_UNINITIALIZED_AUTOS = YES_AGGRESSIVE;
				GCC_WARN_UNUSED_FUNCTION = YES;
				GCC_WARN_UNUSED_VARIABLE = YES;
				IPHONEOS_DEPLOYMENT_TARGET = 9.2;
				MTL_ENABLE_DEBUG_INFO = NO;
				SDKROOT = iphoneos;
				VALIDATE_PRODUCT = YES;
			};
			name = Release;
		};
		E10FD84E1CAE46AC00C0AF99 /* Debug */ = {
			isa = XCBuildConfiguration;
			buildSettings = {
				ASSETCATALOG_COMPILER_APPICON_NAME = AppIcon;
				INFOPLIST_FILE = "10-GITHub/Info.plist";
				LD_RUNPATH_SEARCH_PATHS = "$(inherited) @executable_path/Frameworks";
				PRODUCT_BUNDLE_IDENTIFIER = "com.dongchen.-0-GITHub";
				PRODUCT_NAME = "$(TARGET_NAME)";
			};
			name = Debug;
		};
		E10FD84F1CAE46AC00C0AF99 /* Release */ = {
			isa = XCBuildConfiguration;
			buildSettings = {
				ASSETCATALOG_COMPILER_APPICON_NAME = AppIcon;
				INFOPLIST_FILE = "10-GITHub/Info.plist";
				LD_RUNPATH_SEARCH_PATHS = "$(inherited) @executable_path/Frameworks";
				PRODUCT_BUNDLE_IDENTIFIER = "com.dongchen.-0-GITHub";
				PRODUCT_NAME = "$(TARGET_NAME)";
			};
			name = Release;
		};
		E10FD8511CAE46AC00C0AF99 /* Debug */ = {
			isa = XCBuildConfiguration;
			buildSettings = {
				BUNDLE_LOADER = "$(TEST_HOST)";
				INFOPLIST_FILE = "10-GITHubTests/Info.plist";
				LD_RUNPATH_SEARCH_PATHS = "$(inherited) @executable_path/Frameworks @loader_path/Frameworks";
				PRODUCT_BUNDLE_IDENTIFIER = "com.dongchen.-0-GITHubTests";
				PRODUCT_NAME = "$(TARGET_NAME)";
				TEST_HOST = "$(BUILT_PRODUCTS_DIR)/10-GITHub.app/10-GITHub";
			};
			name = Debug;
		};
		E10FD8521CAE46AC00C0AF99 /* Release */ = {
			isa = XCBuildConfiguration;
			buildSettings = {
				BUNDLE_LOADER = "$(TEST_HOST)";
				INFOPLIST_FILE = "10-GITHubTests/Info.plist";
				LD_RUNPATH_SEARCH_PATHS = "$(inherited) @executable_path/Frameworks @loader_path/Frameworks";
				PRODUCT_BUNDLE_IDENTIFIER = "com.dongchen.-0-GITHubTests";
				PRODUCT_NAME = "$(TARGET_NAME)";
				TEST_HOST = "$(BUILT_PRODUCTS_DIR)/10-GITHub.app/10-GITHub";
			};
			name = Release;
		};
		E10FD8541CAE46AC00C0AF99 /* Debug */ = {
			isa = XCBuildConfiguration;
			buildSettings = {
				INFOPLIST_FILE = "10-GITHubUITests/Info.plist";
				LD_RUNPATH_SEARCH_PATHS = "$(inherited) @executable_path/Frameworks @loader_path/Frameworks";
				PRODUCT_BUNDLE_IDENTIFIER = "com.dongchen.-0-GITHubUITests";
				PRODUCT_NAME = "$(TARGET_NAME)";
				TEST_TARGET_NAME = "10-GITHub";
				USES_XCTRUNNER = YES;
			};
			name = Debug;
		};
		E10FD8551CAE46AC00C0AF99 /* Release */ = {
			isa = XCBuildConfiguration;
			buildSettings = {
				INFOPLIST_FILE = "10-GITHubUITests/Info.plist";
				LD_RUNPATH_SEARCH_PATHS = "$(inherited) @executable_path/Frameworks @loader_path/Frameworks";
				PRODUCT_BUNDLE_IDENTIFIER = "com.dongchen.-0-GITHubUITests";
				PRODUCT_NAME = "$(TARGET_NAME)";
				TEST_TARGET_NAME = "10-GITHub";
				USES_XCTRUNNER = YES;
			};
			name = Release;
		};
/* End XCBuildConfiguration section */

/* Begin XCConfigurationList section */
		E10FD81B1CAE46AB00C0AF99 /* Build configuration list for PBXProject "10-GITHub" */ = {
			isa = XCConfigurationList;
			buildConfigurations = (
				E10FD84B1CAE46AC00C0AF99 /* Debug */,
				E10FD84C1CAE46AC00C0AF99 /* Release */,
			);
			defaultConfigurationIsVisible = 0;
			defaultConfigurationName = Release;
		};
		E10FD84D1CAE46AC00C0AF99 /* Build configuration list for PBXNativeTarget "10-GITHub" */ = {
			isa = XCConfigurationList;
			buildConfigurations = (
				E10FD84E1CAE46AC00C0AF99 /* Debug */,
				E10FD84F1CAE46AC00C0AF99 /* Release */,
			);
			defaultConfigurationIsVisible = 0;
		};
		E10FD8501CAE46AC00C0AF99 /* Build configuration list for PBXNativeTarget "10-GITHubTests" */ = {
			isa = XCConfigurationList;
			buildConfigurations = (
				E10FD8511CAE46AC00C0AF99 /* Debug */,
				E10FD8521CAE46AC00C0AF99 /* Release */,
			);
			defaultConfigurationIsVisible = 0;
		};
		E10FD8531CAE46AC00C0AF99 /* Build configuration list for PBXNativeTarget "10-GITHubUITests" */ = {
			isa = XCConfigurationList;
			buildConfigurations = (
				E10FD8541CAE46AC00C0AF99 /* Debug */,
				E10FD8551CAE46AC00C0AF99 /* Release */,
			);
			defaultConfigurationIsVisible = 0;
		};
/* End XCConfigurationList section */
	};
	rootObject = E10FD8181CAE46AB00C0AF99 /* Project object */;
}
